
Microsoft Visual Studio Solution File, Format Version 12.00
# Visual Studio Version 17
VisualStudioVersion = 17.1.32228.430
MinimumVisualStudioVersion = 10.0.40219.1
Project("{8BC9CEB8-8B4A-11D0-8D11-00A0C91BC942}") = "Functions", "Functions\Functions.vcxproj", "{AF3503CF-4D4B-4C81-9F5A-C1A1073231B5}"
EndProject
Global
	GlobalSection(SolutionConfigurationPlatforms) = preSolution
		Debug|x64 = Debug|x64
		Debug|x86 = Debug|x86
		Release|x64 = Release|x64
		Release|x86 = Release|x86
	EndGlobalSection
	GlobalSection(ProjectConfigurationPlatforms) = postSolution
		{AF3503CF-4D4B-4C81-9F5A-C1A1073231B5}.Debug|x64.ActiveCfg = Debug|x64
		{AF3503CF-4D4B-4C81-9F5A-C1A1073231B5}.Debug|x64.Build.0 = Debug|x64
		{AF3503CF-4D4B-4C81-9F5A-C1A1073231B5}.Debug|x86.ActiveCfg = Debug|Win32
		{AF3503CF-4D4B-4C81-9F5A-C1A1073231B5}.Debug|x86.Build.0 = Debug|Win32
		{AF3503CF-4D4B-4C81-9F5A-C1A1073231B5}.Release|x64.ActiveCfg = Release|x64
		{AF3503CF-4D4B-4C81-9F5A-C1A1073231B5}.Release|x64.Build.0 = Release|x64
		{AF3503CF-4D4B-4C81-9F5A-C1A1073231B5}.Release|x86.ActiveCfg = Release|Win32
		{AF3503CF-4D4B-4C81-9F5A-C1A1073231B5}.Release|x86.Build.0 = Release|Win32
	EndGlobalSection
	GlobalSection(SolutionProperties) = preSolution
		HideSolutionNode = FALSE
	EndGlobalSection
	GlobalSection(ExtensibilityGlobals) = postSolution
		SolutionGuid = {4A941C0F-7935-4887-8FD4-B7BA1E9A9E1F}
	EndGlobalSection
EndGlobal
